
Microsoft Visual Studio Solution File, Format Version 12.00
# Visual Studio Version 17
VisualStudioVersion = 17.4.33122.133
MinimumVisualStudioVersion = 10.0.40219.1
Project("{FAE04EC0-301F-11D3-BF4B-00C04F79EFBC}") = "web-app", "web-app.csproj", "{2908271C-C2CB-409B-8619-6A45CD39A9E7}"
EndProject
Global
	GlobalSection(SolutionConfigurationPlatforms) = preSolution
		Debug|Any CPU = Debug|Any CPU
		Release|Any CPU = Release|Any CPU
	EndGlobalSection
	GlobalSection(ProjectConfigurationPlatforms) = postSolution
		{2908271C-C2CB-409B-8619-6A45CD39A9E7}.Debug|Any CPU.ActiveCfg = Debug|Any CPU
		{2908271C-C2CB-409B-8619-6A45CD39A9E7}.Debug|Any CPU.Build.0 = Debug|Any CPU
		{2908271C-C2CB-409B-8619-6A45CD39A9E7}.Release|Any CPU.ActiveCfg = Release|Any CPU
		{2908271C-C2CB-409B-8619-6A45CD39A9E7}.Release|Any CPU.Build.0 = Release|Any CPU
	EndGlobalSection
	GlobalSection(SolutionProperties) = preSolution
		HideSolutionNode = FALSE
	EndGlobalSection
	GlobalSection(ExtensibilityGlobals) = postSolution
		SolutionGuid = {F62D3A49-2B3F-433B-BF2C-CE2B941B66ED}
	EndGlobalSection
EndGlobal
